
Microsoft Visual Studio Solution File, Format Version 12.00
# Visual Studio Version 17
VisualStudioVersion = 17.8.34525.116
MinimumVisualStudioVersion = 10.0.40219.1
Project("{2150E333-8FDC-42A3-9474-1A3956D46DE8}") = "Source", "Source", "{25312DE8-212A-496C-AE88-9A8BE9617BD0}"
EndProject
Project("{2150E333-8FDC-42A3-9474-1A3956D46DE8}") = "Backend", "Backend", "{91DAB9A9-8E50-4458-ABBE-970DE7BC2583}"
EndProject
Project("{2150E333-8FDC-42A3-9474-1A3956D46DE8}") = "Platforms", "Platforms", "{5C595298-1627-4DD5-B79E-3322F7C8B332}"
EndProject
Project("{2150E333-8FDC-42A3-9474-1A3956D46DE8}") = "Tests", "Tests", "{52DBEF01-2216-4F80-9702-1ABE82F4770E}"
EndProject
Project("{9A19103F-16F7-4668-BE54-9A1E7A4F7556}") = "CTA_Tracker.DataContracts", "CTA_Tracker.DataContracts\CTA_Tracker.DataContracts.csproj", "{951DF4FF-871E-497E-A400-A409FB5B9115}"
EndProject
Project("{9A19103F-16F7-4668-BE54-9A1E7A4F7556}") = "CTA_Tracker", "CTA_Tracker\CTA_Tracker.csproj", "{547A377C-8EAD-44F4-9C25-AFB6E868810C}"
EndProject
Project("{9A19103F-16F7-4668-BE54-9A1E7A4F7556}") = "CTA_Tracker.UITests", "CTA_Tracker.UITests\CTA_Tracker.UITests.csproj", "{8C1807E8-A41A-4C05-BE8C-2CE83334ADB8}"
EndProject
Project("{9A19103F-16F7-4668-BE54-9A1E7A4F7556}") = "CTA_Tracker.Tests", "CTA_Tracker.Tests\CTA_Tracker.Tests.csproj", "{9E9A1B1D-2FCD-4B9F-A981-DF9EA3812F64}"
EndProject
Project("{9A19103F-16F7-4668-BE54-9A1E7A4F7556}") = "CTA_Tracker.Skia.Gtk", "CTA_Tracker.Skia.Gtk\CTA_Tracker.Skia.Gtk.csproj", "{103122C7-3357-421A-BB9F-E72E380C684F}"
EndProject
Project("{9A19103F-16F7-4668-BE54-9A1E7A4F7556}") = "CTA_Tracker.Wasm", "CTA_Tracker.Wasm\CTA_Tracker.Wasm.csproj", "{B04FD7F7-01ED-4AE9-8AC0-29F48ABA53AD}"
EndProject
Project("{9A19103F-16F7-4668-BE54-9A1E7A4F7556}") = "CTA_Tracker.Windows", "CTA_Tracker.Windows\CTA_Tracker.Windows.csproj", "{C726B751-B9DB-4D3E-8C7C-640D8AE8920F}"
EndProject
Project("{9A19103F-16F7-4668-BE54-9A1E7A4F7556}") = "CTA_Tracker.Mobile", "CTA_Tracker.Mobile\CTA_Tracker.Mobile.csproj", "{CC1AB3E4-2291-4ACA-B938-E0C1E9B7DC10}"
EndProject
Project("{9A19103F-16F7-4668-BE54-9A1E7A4F7556}") = "CTA_Tracker.Shared", "CTA_Tracker.Shared\CTA_Tracker.Shared.csproj", "{343BB7E0-ED7A-4BB3-809E-FC1F3D6EE866}"
EndProject
Project("{9A19103F-16F7-4668-BE54-9A1E7A4F7556}") = "CTA_Tracker.Server", "CTA_Tracker.Server\CTA_Tracker.Server.csproj", "{A801C8EF-A2F2-4058-B4D4-74C7168344F8}"
EndProject
Project("{2150E333-8FDC-42A3-9474-1A3956D46DE8}") = "Solution Items", "Solution Items", "{2AF4B267-E26C-41C3-BE30-4EF68D1454EA}"
	ProjectSection(SolutionItems) = preProject
		.gitignore = .gitignore
		Directory.Build.props = Directory.Build.props
		Directory.Build.targets = Directory.Build.targets
		Directory.Packages.props = Directory.Packages.props
		solution-config.props.sample = solution-config.props.sample
	EndProjectSection
EndProject
Global
	GlobalSection(SolutionConfigurationPlatforms) = preSolution
		Debug|Any CPU = Debug|Any CPU
		Debug|arm64 = Debug|arm64
		Debug|x64 = Debug|x64
		Debug|x86 = Debug|x86
		Release|Any CPU = Release|Any CPU
		Release|arm64 = Release|arm64
		Release|x64 = Release|x64
		Release|x86 = Release|x86
	EndGlobalSection
	GlobalSection(ProjectConfigurationPlatforms) = postSolution
		{951DF4FF-871E-497E-A400-A409FB5B9115}.Debug|Any CPU.ActiveCfg = Debug|Any CPU
		{951DF4FF-871E-497E-A400-A409FB5B9115}.Debug|Any CPU.Build.0 = Debug|Any CPU
		{951DF4FF-871E-497E-A400-A409FB5B9115}.Debug|arm64.ActiveCfg = Debug|Any CPU
		{951DF4FF-871E-497E-A400-A409FB5B9115}.Debug|arm64.Build.0 = Debug|Any CPU
		{951DF4FF-871E-497E-A400-A409FB5B9115}.Debug|x64.ActiveCfg = Debug|Any CPU
		{951DF4FF-871E-497E-A400-A409FB5B9115}.Debug|x64.Build.0 = Debug|Any CPU
		{951DF4FF-871E-497E-A400-A409FB5B9115}.Debug|x86.ActiveCfg = Debug|Any CPU
		{951DF4FF-871E-497E-A400-A409FB5B9115}.Debug|x86.Build.0 = Debug|Any CPU
		{951DF4FF-871E-497E-A400-A409FB5B9115}.Release|Any CPU.ActiveCfg = Release|Any CPU
		{951DF4FF-871E-497E-A400-A409FB5B9115}.Release|Any CPU.Build.0 = Release|Any CPU
		{951DF4FF-871E-497E-A400-A409FB5B9115}.Release|arm64.ActiveCfg = Release|Any CPU
		{951DF4FF-871E-497E-A400-A409FB5B9115}.Release|arm64.Build.0 = Release|Any CPU
		{951DF4FF-871E-497E-A400-A409FB5B9115}.Release|x64.ActiveCfg = Release|Any CPU
		{951DF4FF-871E-497E-A400-A409FB5B9115}.Release|x64.Build.0 = Release|Any CPU
		{951DF4FF-871E-497E-A400-A409FB5B9115}.Release|x86.ActiveCfg = Release|Any CPU
		{951DF4FF-871E-497E-A400-A409FB5B9115}.Release|x86.Build.0 = Release|Any CPU
		{547A377C-8EAD-44F4-9C25-AFB6E868810C}.Debug|Any CPU.ActiveCfg = Debug|Any CPU
		{547A377C-8EAD-44F4-9C25-AFB6E868810C}.Debug|Any CPU.Build.0 = Debug|Any CPU
		{547A377C-8EAD-44F4-9C25-AFB6E868810C}.Debug|arm64.ActiveCfg = Debug|Any CPU
		{547A377C-8EAD-44F4-9C25-AFB6E868810C}.Debug|arm64.Build.0 = Debug|Any CPU
		{547A377C-8EAD-44F4-9C25-AFB6E868810C}.Debug|x64.ActiveCfg = Debug|Any CPU
		{547A377C-8EAD-44F4-9C25-AFB6E868810C}.Debug|x64.Build.0 = Debug|Any CPU
		{547A377C-8EAD-44F4-9C25-AFB6E868810C}.Debug|x86.ActiveCfg = Debug|Any CPU
		{547A377C-8EAD-44F4-9C25-AFB6E868810C}.Debug|x86.Build.0 = Debug|Any CPU
		{547A377C-8EAD-44F4-9C25-AFB6E868810C}.Release|Any CPU.ActiveCfg = Release|Any CPU
		{547A377C-8EAD-44F4-9C25-AFB6E868810C}.Release|Any CPU.Build.0 = Release|Any CPU
		{547A377C-8EAD-44F4-9C25-AFB6E868810C}.Release|arm64.ActiveCfg = Release|Any CPU
		{547A377C-8EAD-44F4-9C25-AFB6E868810C}.Release|arm64.Build.0 = Release|Any CPU
		{547A377C-8EAD-44F4-9C25-AFB6E868810C}.Release|x64.ActiveCfg = Release|Any CPU
		{547A377C-8EAD-44F4-9C25-AFB6E868810C}.Release|x64.Build.0 = Release|Any CPU
		{547A377C-8EAD-44F4-9C25-AFB6E868810C}.Release|x86.ActiveCfg = Release|Any CPU
		{547A377C-8EAD-44F4-9C25-AFB6E868810C}.Release|x86.Build.0 = Release|Any CPU
		{8C1807E8-A41A-4C05-BE8C-2CE83334ADB8}.Debug|Any CPU.ActiveCfg = Debug|Any CPU
		{8C1807E8-A41A-4C05-BE8C-2CE83334ADB8}.Debug|Any CPU.Build.0 = Debug|Any CPU
		{8C1807E8-A41A-4C05-BE8C-2CE83334ADB8}.Debug|arm64.ActiveCfg = Debug|Any CPU
		{8C1807E8-A41A-4C05-BE8C-2CE83334ADB8}.Debug|arm64.Build.0 = Debug|Any CPU
		{8C1807E8-A41A-4C05-BE8C-2CE83334ADB8}.Debug|x64.ActiveCfg = Debug|Any CPU
		{8C1807E8-A41A-4C05-BE8C-2CE83334ADB8}.Debug|x64.Build.0 = Debug|Any CPU
		{8C1807E8-A41A-4C05-BE8C-2CE83334ADB8}.Debug|x86.ActiveCfg = Debug|Any CPU
		{8C1807E8-A41A-4C05-BE8C-2CE83334ADB8}.Debug|x86.Build.0 = Debug|Any CPU
		{8C1807E8-A41A-4C05-BE8C-2CE83334ADB8}.Release|Any CPU.ActiveCfg = Release|Any CPU
		{8C1807E8-A41A-4C05-BE8C-2CE83334ADB8}.Release|Any CPU.Build.0 = Release|Any CPU
		{8C1807E8-A41A-4C05-BE8C-2CE83334ADB8}.Release|arm64.ActiveCfg = Release|Any CPU
		{8C1807E8-A41A-4C05-BE8C-2CE83334ADB8}.Release|arm64.Build.0 = Release|Any CPU
		{8C1807E8-A41A-4C05-BE8C-2CE83334ADB8}.Release|x64.ActiveCfg = Release|Any CPU
		{8C1807E8-A41A-4C05-BE8C-2CE83334ADB8}.Release|x64.Build.0 = Release|Any CPU
		{8C1807E8-A41A-4C05-BE8C-2CE83334ADB8}.Release|x86.ActiveCfg = Release|Any CPU
		{8C1807E8-A41A-4C05-BE8C-2CE83334ADB8}.Release|x86.Build.0 = Release|Any CPU
		{9E9A1B1D-2FCD-4B9F-A981-DF9EA3812F64}.Debug|Any CPU.ActiveCfg = Debug|Any CPU
		{9E9A1B1D-2FCD-4B9F-A981-DF9EA3812F64}.Debug|Any CPU.Build.0 = Debug|Any CPU
		{9E9A1B1D-2FCD-4B9F-A981-DF9EA3812F64}.Debug|arm64.ActiveCfg = Debug|Any CPU
		{9E9A1B1D-2FCD-4B9F-A981-DF9EA3812F64}.Debug|arm64.Build.0 = Debug|Any CPU
		{9E9A1B1D-2FCD-4B9F-A981-DF9EA3812F64}.Debug|x64.ActiveCfg = Debug|Any CPU
		{9E9A1B1D-2FCD-4B9F-A981-DF9EA3812F64}.Debug|x64.Build.0 = Debug|Any CPU
		{9E9A1B1D-2FCD-4B9F-A981-DF9EA3812F64}.Debug|x86.ActiveCfg = Debug|Any CPU
		{9E9A1B1D-2FCD-4B9F-A981-DF9EA3812F64}.Debug|x86.Build.0 = Debug|Any CPU
		{9E9A1B1D-2FCD-4B9F-A981-DF9EA3812F64}.Release|Any CPU.ActiveCfg = Release|Any CPU
		{9E9A1B1D-2FCD-4B9F-A981-DF9EA3812F64}.Release|Any CPU.Build.0 = Release|Any CPU
		{9E9A1B1D-2FCD-4B9F-A981-DF9EA3812F64}.Release|arm64.ActiveCfg = Release|Any CPU
		{9E9A1B1D-2FCD-4B9F-A981-DF9EA3812F64}.Release|arm64.Build.0 = Release|Any CPU
		{9E9A1B1D-2FCD-4B9F-A981-DF9EA3812F64}.Release|x64.ActiveCfg = Release|Any CPU
		{9E9A1B1D-2FCD-4B9F-A981-DF9EA3812F64}.Release|x64.Build.0 = Release|Any CPU
		{9E9A1B1D-2FCD-4B9F-A981-DF9EA3812F64}.Release|x86.ActiveCfg = Release|Any CPU
		{9E9A1B1D-2FCD-4B9F-A981-DF9EA3812F64}.Release|x86.Build.0 = Release|Any CPU
		{103122C7-3357-421A-BB9F-E72E380C684F}.Debug|Any CPU.ActiveCfg = Debug|Any CPU
		{103122C7-3357-421A-BB9F-E72E380C684F}.Debug|Any CPU.Build.0 = Debug|Any CPU
		{103122C7-3357-421A-BB9F-E72E380C684F}.Debug|arm64.ActiveCfg = Debug|Any CPU
		{103122C7-3357-421A-BB9F-E72E380C684F}.Debug|arm64.Build.0 = Debug|Any CPU
		{103122C7-3357-421A-BB9F-E72E380C684F}.Debug|x64.ActiveCfg = Debug|Any CPU
		{103122C7-3357-421A-BB9F-E72E380C684F}.Debug|x64.Build.0 = Debug|Any CPU
		{103122C7-3357-421A-BB9F-E72E380C684F}.Debug|x86.ActiveCfg = Debug|Any CPU
		{103122C7-3357-421A-BB9F-E72E380C684F}.Debug|x86.Build.0 = Debug|Any CPU
		{103122C7-3357-421A-BB9F-E72E380C684F}.Release|Any CPU.ActiveCfg = Release|Any CPU
		{103122C7-3357-421A-BB9F-E72E380C684F}.Release|Any CPU.Build.0 = Release|Any CPU
		{103122C7-3357-421A-BB9F-E72E380C684F}.Release|arm64.ActiveCfg = Release|Any CPU
		{103122C7-3357-421A-BB9F-E72E380C684F}.Release|arm64.Build.0 = Release|Any CPU
		{103122C7-3357-421A-BB9F-E72E380C684F}.Release|x64.ActiveCfg = Release|Any CPU
		{103122C7-3357-421A-BB9F-E72E380C684F}.Release|x64.Build.0 = Release|Any CPU
		{103122C7-3357-421A-BB9F-E72E380C684F}.Release|x86.ActiveCfg = Release|Any CPU
		{103122C7-3357-421A-BB9F-E72E380C684F}.Release|x86.Build.0 = Release|Any CPU
		{B04FD7F7-01ED-4AE9-8AC0-29F48ABA53AD}.Debug|Any CPU.ActiveCfg = Debug|Any CPU
		{B04FD7F7-01ED-4AE9-8AC0-29F48ABA53AD}.Debug|Any CPU.Build.0 = Debug|Any CPU
		{B04FD7F7-01ED-4AE9-8AC0-29F48ABA53AD}.Debug|arm64.ActiveCfg = Debug|Any CPU
		{B04FD7F7-01ED-4AE9-8AC0-29F48ABA53AD}.Debug|arm64.Build.0 = Debug|Any CPU
		{B04FD7F7-01ED-4AE9-8AC0-29F48ABA53AD}.Debug|x64.ActiveCfg = Debug|Any CPU
		{B04FD7F7-01ED-4AE9-8AC0-29F48ABA53AD}.Debug|x64.Build.0 = Debug|Any CPU
		{B04FD7F7-01ED-4AE9-8AC0-29F48ABA53AD}.Debug|x86.ActiveCfg = Debug|Any CPU
		{B04FD7F7-01ED-4AE9-8AC0-29F48ABA53AD}.Debug|x86.Build.0 = Debug|Any CPU
		{B04FD7F7-01ED-4AE9-8AC0-29F48ABA53AD}.Release|Any CPU.ActiveCfg = Release|Any CPU
		{B04FD7F7-01ED-4AE9-8AC0-29F48ABA53AD}.Release|Any CPU.Build.0 = Release|Any CPU
		{B04FD7F7-01ED-4AE9-8AC0-29F48ABA53AD}.Release|arm64.ActiveCfg = Release|Any CPU
		{B04FD7F7-01ED-4AE9-8AC0-29F48ABA53AD}.Release|arm64.Build.0 = Release|Any CPU
		{B04FD7F7-01ED-4AE9-8AC0-29F48ABA53AD}.Release|x64.ActiveCfg = Release|Any CPU
		{B04FD7F7-01ED-4AE9-8AC0-29F48ABA53AD}.Release|x64.Build.0 = Release|Any CPU
		{B04FD7F7-01ED-4AE9-8AC0-29F48ABA53AD}.Release|x86.ActiveCfg = Release|Any CPU
		{B04FD7F7-01ED-4AE9-8AC0-29F48ABA53AD}.Release|x86.Build.0 = Release|Any CPU
		{C726B751-B9DB-4D3E-8C7C-640D8AE8920F}.Debug|Any CPU.ActiveCfg = Debug|x64
		{C726B751-B9DB-4D3E-8C7C-640D8AE8920F}.Debug|Any CPU.Build.0 = Debug|x64
		{C726B751-B9DB-4D3E-8C7C-640D8AE8920F}.Debug|Any CPU.Deploy.0 = Debug|x64
		{C726B751-B9DB-4D3E-8C7C-640D8AE8920F}.Debug|arm64.ActiveCfg = Debug|arm64
		{C726B751-B9DB-4D3E-8C7C-640D8AE8920F}.Debug|arm64.Build.0 = Debug|arm64
		{C726B751-B9DB-4D3E-8C7C-640D8AE8920F}.Debug|arm64.Deploy.0 = Debug|arm64
		{C726B751-B9DB-4D3E-8C7C-640D8AE8920F}.Debug|x64.ActiveCfg = Debug|x64
		{C726B751-B9DB-4D3E-8C7C-640D8AE8920F}.Debug|x64.Build.0 = Debug|x64
		{C726B751-B9DB-4D3E-8C7C-640D8AE8920F}.Debug|x64.Deploy.0 = Debug|x64
		{C726B751-B9DB-4D3E-8C7C-640D8AE8920F}.Debug|x86.ActiveCfg = Debug|x86
		{C726B751-B9DB-4D3E-8C7C-640D8AE8920F}.Debug|x86.Build.0 = Debug|x86
		{C726B751-B9DB-4D3E-8C7C-640D8AE8920F}.Debug|x86.Deploy.0 = Debug|x86
		{C726B751-B9DB-4D3E-8C7C-640D8AE8920F}.Release|Any CPU.ActiveCfg = Release|x64
		{C726B751-B9DB-4D3E-8C7C-640D8AE8920F}.Release|Any CPU.Build.0 = Release|x64
		{C726B751-B9DB-4D3E-8C7C-640D8AE8920F}.Release|Any CPU.Deploy.0 = Release|x64
		{C726B751-B9DB-4D3E-8C7C-640D8AE8920F}.Release|arm64.ActiveCfg = Release|arm64
		{C726B751-B9DB-4D3E-8C7C-640D8AE8920F}.Release|arm64.Build.0 = Release|arm64
		{C726B751-B9DB-4D3E-8C7C-640D8AE8920F}.Release|arm64.Deploy.0 = Release|arm64
		{C726B751-B9DB-4D3E-8C7C-640D8AE8920F}.Release|x64.ActiveCfg = Release|x64
		{C726B751-B9DB-4D3E-8C7C-640D8AE8920F}.Release|x64.Build.0 = Release|x64
		{C726B751-B9DB-4D3E-8C7C-640D8AE8920F}.Release|x64.Deploy.0 = Release|x64
		{C726B751-B9DB-4D3E-8C7C-640D8AE8920F}.Release|x86.ActiveCfg = Release|x86
		{C726B751-B9DB-4D3E-8C7C-640D8AE8920F}.Release|x86.Build.0 = Release|x86
		{C726B751-B9DB-4D3E-8C7C-640D8AE8920F}.Release|x86.Deploy.0 = Release|x86
		{CC1AB3E4-2291-4ACA-B938-E0C1E9B7DC10}.Debug|Any CPU.ActiveCfg = Debug|Any CPU
		{CC1AB3E4-2291-4ACA-B938-E0C1E9B7DC10}.Debug|Any CPU.Build.0 = Debug|Any CPU
		{CC1AB3E4-2291-4ACA-B938-E0C1E9B7DC10}.Debug|Any CPU.Deploy.0 = Debug|Any CPU
		{CC1AB3E4-2291-4ACA-B938-E0C1E9B7DC10}.Debug|arm64.ActiveCfg = Debug|Any CPU
		{CC1AB3E4-2291-4ACA-B938-E0C1E9B7DC10}.Debug|arm64.Build.0 = Debug|Any CPU
		{CC1AB3E4-2291-4ACA-B938-E0C1E9B7DC10}.Debug|x64.ActiveCfg = Debug|Any CPU
		{CC1AB3E4-2291-4ACA-B938-E0C1E9B7DC10}.Debug|x64.Build.0 = Debug|Any CPU
		{CC1AB3E4-2291-4ACA-B938-E0C1E9B7DC10}.Debug|x86.ActiveCfg = Debug|Any CPU
		{CC1AB3E4-2291-4ACA-B938-E0C1E9B7DC10}.Debug|x86.Build.0 = Debug|Any CPU
		{CC1AB3E4-2291-4ACA-B938-E0C1E9B7DC10}.Release|Any CPU.ActiveCfg = Release|Any CPU
		{CC1AB3E4-2291-4ACA-B938-E0C1E9B7DC10}.Release|Any CPU.Build.0 = Release|Any CPU
		{CC1AB3E4-2291-4ACA-B938-E0C1E9B7DC10}.Release|Any CPU.Deploy.0 = Release|Any CPU
		{CC1AB3E4-2291-4ACA-B938-E0C1E9B7DC10}.Release|arm64.ActiveCfg = Release|Any CPU
		{CC1AB3E4-2291-4ACA-B938-E0C1E9B7DC10}.Release|arm64.Build.0 = Release|Any CPU
		{CC1AB3E4-2291-4ACA-B938-E0C1E9B7DC10}.Release|x64.ActiveCfg = Release|Any CPU
		{CC1AB3E4-2291-4ACA-B938-E0C1E9B7DC10}.Release|x64.Build.0 = Release|Any CPU
		{CC1AB3E4-2291-4ACA-B938-E0C1E9B7DC10}.Release|x86.ActiveCfg = Release|Any CPU
		{CC1AB3E4-2291-4ACA-B938-E0C1E9B7DC10}.Release|x86.Build.0 = Release|Any CPU
		{343BB7E0-ED7A-4BB3-809E-FC1F3D6EE866}.Debug|Any CPU.ActiveCfg = Debug|Any CPU
		{343BB7E0-ED7A-4BB3-809E-FC1F3D6EE866}.Debug|Any CPU.Build.0 = Debug|Any CPU
		{343BB7E0-ED7A-4BB3-809E-FC1F3D6EE866}.Debug|arm64.ActiveCfg = Debug|Any CPU
		{343BB7E0-ED7A-4BB3-809E-FC1F3D6EE866}.Debug|arm64.Build.0 = Debug|Any CPU
		{343BB7E0-ED7A-4BB3-809E-FC1F3D6EE866}.Debug|x64.ActiveCfg = Debug|Any CPU
		{343BB7E0-ED7A-4BB3-809E-FC1F3D6EE866}.Debug|x64.Build.0 = Debug|Any CPU
		{343BB7E0-ED7A-4BB3-809E-FC1F3D6EE866}.Debug|x86.ActiveCfg = Debug|Any CPU
		{343BB7E0-ED7A-4BB3-809E-FC1F3D6EE866}.Debug|x86.Build.0 = Debug|Any CPU
		{343BB7E0-ED7A-4BB3-809E-FC1F3D6EE866}.Release|Any CPU.ActiveCfg = Release|Any CPU
		{343BB7E0-ED7A-4BB3-809E-FC1F3D6EE866}.Release|Any CPU.Build.0 = Release|Any CPU
		{343BB7E0-ED7A-4BB3-809E-FC1F3D6EE866}.Release|arm64.ActiveCfg = Release|Any CPU
		{343BB7E0-ED7A-4BB3-809E-FC1F3D6EE866}.Release|arm64.Build.0 = Release|Any CPU
		{343BB7E0-ED7A-4BB3-809E-FC1F3D6EE866}.Release|x64.ActiveCfg = Release|Any CPU
		{343BB7E0-ED7A-4BB3-809E-FC1F3D6EE866}.Release|x64.Build.0 = Release|Any CPU
		{343BB7E0-ED7A-4BB3-809E-FC1F3D6EE866}.Release|x86.ActiveCfg = Release|Any CPU
		{343BB7E0-ED7A-4BB3-809E-FC1F3D6EE866}.Release|x86.Build.0 = Release|Any CPU
		{A801C8EF-A2F2-4058-B4D4-74C7168344F8}.Debug|Any CPU.ActiveCfg = Debug|Any CPU
		{A801C8EF-A2F2-4058-B4D4-74C7168344F8}.Debug|Any CPU.Build.0 = Debug|Any CPU
		{A801C8EF-A2F2-4058-B4D4-74C7168344F8}.Debug|arm64.ActiveCfg = Debug|Any CPU
		{A801C8EF-A2F2-4058-B4D4-74C7168344F8}.Debug|arm64.Build.0 = Debug|Any CPU
		{A801C8EF-A2F2-4058-B4D4-74C7168344F8}.Debug|x64.ActiveCfg = Debug|Any CPU
		{A801C8EF-A2F2-4058-B4D4-74C7168344F8}.Debug|x64.Build.0 = Debug|Any CPU
		{A801C8EF-A2F2-4058-B4D4-74C7168344F8}.Debug|x86.ActiveCfg = Debug|Any CPU
		{A801C8EF-A2F2-4058-B4D4-74C7168344F8}.Debug|x86.Build.0 = Debug|Any CPU
		{A801C8EF-A2F2-4058-B4D4-74C7168344F8}.Release|Any CPU.ActiveCfg = Release|Any CPU
		{A801C8EF-A2F2-4058-B4D4-74C7168344F8}.Release|Any CPU.Build.0 = Release|Any CPU
		{A801C8EF-A2F2-4058-B4D4-74C7168344F8}.Release|arm64.ActiveCfg = Release|Any CPU
		{A801C8EF-A2F2-4058-B4D4-74C7168344F8}.Release|arm64.Build.0 = Release|Any CPU
		{A801C8EF-A2F2-4058-B4D4-74C7168344F8}.Release|x64.ActiveCfg = Release|Any CPU
		{A801C8EF-A2F2-4058-B4D4-74C7168344F8}.Release|x64.Build.0 = Release|Any CPU
		{A801C8EF-A2F2-4058-B4D4-74C7168344F8}.Release|x86.ActiveCfg = Release|Any CPU
		{A801C8EF-A2F2-4058-B4D4-74C7168344F8}.Release|x86.Build.0 = Release|Any CPU
	EndGlobalSection
	GlobalSection(SolutionProperties) = preSolution
		HideSolutionNode = FALSE
	EndGlobalSection
	GlobalSection(NestedProjects) = preSolution
		{91DAB9A9-8E50-4458-ABBE-970DE7BC2583} = {25312DE8-212A-496C-AE88-9A8BE9617BD0}
		{5C595298-1627-4DD5-B79E-3322F7C8B332} = {25312DE8-212A-496C-AE88-9A8BE9617BD0}
		{951DF4FF-871E-497E-A400-A409FB5B9115} = {25312DE8-212A-496C-AE88-9A8BE9617BD0}
		{547A377C-8EAD-44F4-9C25-AFB6E868810C} = {25312DE8-212A-496C-AE88-9A8BE9617BD0}
		{8C1807E8-A41A-4C05-BE8C-2CE83334ADB8} = {52DBEF01-2216-4F80-9702-1ABE82F4770E}
		{9E9A1B1D-2FCD-4B9F-A981-DF9EA3812F64} = {52DBEF01-2216-4F80-9702-1ABE82F4770E}
		{103122C7-3357-421A-BB9F-E72E380C684F} = {5C595298-1627-4DD5-B79E-3322F7C8B332}
		{B04FD7F7-01ED-4AE9-8AC0-29F48ABA53AD} = {5C595298-1627-4DD5-B79E-3322F7C8B332}
		{C726B751-B9DB-4D3E-8C7C-640D8AE8920F} = {5C595298-1627-4DD5-B79E-3322F7C8B332}
		{CC1AB3E4-2291-4ACA-B938-E0C1E9B7DC10} = {5C595298-1627-4DD5-B79E-3322F7C8B332}
		{343BB7E0-ED7A-4BB3-809E-FC1F3D6EE866} = {5C595298-1627-4DD5-B79E-3322F7C8B332}
		{A801C8EF-A2F2-4058-B4D4-74C7168344F8} = {91DAB9A9-8E50-4458-ABBE-970DE7BC2583}
	EndGlobalSection
	GlobalSection(ExtensibilityGlobals) = postSolution
		SolutionGuid = {AB69697A-2EE6-44BE-A90C-F03950D1927F}
	EndGlobalSection
EndGlobal
